
Microsoft Visual Studio Solution File, Format Version 12.00
# Visual Studio Version 17
VisualStudioVersion = 17.7.34031.279
MinimumVisualStudioVersion = 10.0.40219.1
Project("{FAE04EC0-301F-11D3-BF4B-00C04F79EFBC}") = "Работа с конкретными строками столбцами", "Работа с конкретными строками столбцами\Работа с конкретными строками столбцами.csproj", "{6FA21DFD-C065-4451-8FD3-57CF31588A13}"
EndProject
Project("{FAE04EC0-301F-11D3-BF4B-00C04F79EFBC}") = "Работа", "Работа\Работа.csproj", "{BF742335-6D53-483F-8FFB-48ACB82409A8}"
EndProject
Global
	GlobalSection(SolutionConfigurationPlatforms) = preSolution
		Debug|Any CPU = Debug|Any CPU
		Release|Any CPU = Release|Any CPU
	EndGlobalSection
	GlobalSection(ProjectConfigurationPlatforms) = postSolution
		{6FA21DFD-C065-4451-8FD3-57CF31588A13}.Debug|Any CPU.ActiveCfg = Debug|Any CPU
		{6FA21DFD-C065-4451-8FD3-57CF31588A13}.Debug|Any CPU.Build.0 = Debug|Any CPU
		{6FA21DFD-C065-4451-8FD3-57CF31588A13}.Release|Any CPU.ActiveCfg = Release|Any CPU
		{6FA21DFD-C065-4451-8FD3-57CF31588A13}.Release|Any CPU.Build.0 = Release|Any CPU
		{BF742335-6D53-483F-8FFB-48ACB82409A8}.Debug|Any CPU.ActiveCfg = Debug|Any CPU
		{BF742335-6D53-483F-8FFB-48ACB82409A8}.Debug|Any CPU.Build.0 = Debug|Any CPU
		{BF742335-6D53-483F-8FFB-48ACB82409A8}.Release|Any CPU.ActiveCfg = Release|Any CPU
		{BF742335-6D53-483F-8FFB-48ACB82409A8}.Release|Any CPU.Build.0 = Release|Any CPU
	EndGlobalSection
	GlobalSection(SolutionProperties) = preSolution
		HideSolutionNode = FALSE
	EndGlobalSection
	GlobalSection(ExtensibilityGlobals) = postSolution
		SolutionGuid = {A216D3DC-801D-472E-B037-231F0A3D7BD3}
	EndGlobalSection
EndGlobal
